
Microsoft Visual Studio Solution File, Format Version 12.00
# Visual Studio Version 16
VisualStudioVersion = 16.0.29806.167
MinimumVisualStudioVersion = 10.0.40219.1
Project("{8BC9CEB8-8B4A-11D0-8D11-00A0C91BC942}") = "libpthread (static)", "projects\libpthread_static.vcxproj", "{6FBBE6B7-2BFB-4B22-8F3B-7C52655B570A}"
EndProject
Project("{8BC9CEB8-8B4A-11D0-8D11-00A0C91BC942}") = "librtlsdr (static)", "projects\librtlsdr_static.vcxproj", "{EEB3AA46-3A33-45A9-9F6F-B11CA66F12A3}"
	ProjectSection(ProjectDependencies) = postProject
		{349EE8F9-7D25-4909-AAF5-FF3FADE72187} = {349EE8F9-7D25-4909-AAF5-FF3FADE72187}
	EndProjectSection
EndProject
Project("{8BC9CEB8-8B4A-11D0-8D11-00A0C91BC942}") = "libusb-1.0 (static)", "projects\libusb_static.vcxproj", "{349EE8F9-7D25-4909-AAF5-FF3FADE72187}"
EndProject
Project("{8BC9CEB8-8B4A-11D0-8D11-00A0C91BC942}") = "rtl_adsb", "projects\rtl_adsb.vcxproj", "{A44DEEE1-9ECE-454A-8E51-28F6610112B8}"
	ProjectSection(ProjectDependencies) = postProject
		{CD4B7804-F6A5-4AC2-AC7E-0F5E1C51F0EA} = {CD4B7804-F6A5-4AC2-AC7E-0F5E1C51F0EA}
		{EEB3AA46-3A33-45A9-9F6F-B11CA66F12A3} = {EEB3AA46-3A33-45A9-9F6F-B11CA66F12A3}
		{B260ECB2-867C-4ACB-9CE4-95911DAFC5D2} = {B260ECB2-867C-4ACB-9CE4-95911DAFC5D2}
		{6FBBE6B7-2BFB-4B22-8F3B-7C52655B570A} = {6FBBE6B7-2BFB-4B22-8F3B-7C52655B570A}
		{349EE8F9-7D25-4909-AAF5-FF3FADE72187} = {349EE8F9-7D25-4909-AAF5-FF3FADE72187}
	EndProjectSection
EndProject
Project("{8BC9CEB8-8B4A-11D0-8D11-00A0C91BC942}") = "rtl_eeprom", "projects\rtl_eeprom.vcxproj", "{FCCB9026-652C-4C07-BFDB-A04349ACF279}"
	ProjectSection(ProjectDependencies) = postProject
		{CD4B7804-F6A5-4AC2-AC7E-0F5E1C51F0EA} = {CD4B7804-F6A5-4AC2-AC7E-0F5E1C51F0EA}
		{EEB3AA46-3A33-45A9-9F6F-B11CA66F12A3} = {EEB3AA46-3A33-45A9-9F6F-B11CA66F12A3}
		{B260ECB2-867C-4ACB-9CE4-95911DAFC5D2} = {B260ECB2-867C-4ACB-9CE4-95911DAFC5D2}
		{6FBBE6B7-2BFB-4B22-8F3B-7C52655B570A} = {6FBBE6B7-2BFB-4B22-8F3B-7C52655B570A}
		{349EE8F9-7D25-4909-AAF5-FF3FADE72187} = {349EE8F9-7D25-4909-AAF5-FF3FADE72187}
	EndProjectSection
EndProject
Project("{8BC9CEB8-8B4A-11D0-8D11-00A0C91BC942}") = "rtl_fm", "projects\rtl_fm.vcxproj", "{726A4093-85FD-4C6A-B1D4-8F10454E0C50}"
	ProjectSection(ProjectDependencies) = postProject
		{CD4B7804-F6A5-4AC2-AC7E-0F5E1C51F0EA} = {CD4B7804-F6A5-4AC2-AC7E-0F5E1C51F0EA}
		{EEB3AA46-3A33-45A9-9F6F-B11CA66F12A3} = {EEB3AA46-3A33-45A9-9F6F-B11CA66F12A3}
		{B260ECB2-867C-4ACB-9CE4-95911DAFC5D2} = {B260ECB2-867C-4ACB-9CE4-95911DAFC5D2}
		{6FBBE6B7-2BFB-4B22-8F3B-7C52655B570A} = {6FBBE6B7-2BFB-4B22-8F3B-7C52655B570A}
		{349EE8F9-7D25-4909-AAF5-FF3FADE72187} = {349EE8F9-7D25-4909-AAF5-FF3FADE72187}
	EndProjectSection
EndProject
Project("{8BC9CEB8-8B4A-11D0-8D11-00A0C91BC942}") = "rtl_power", "projects\rtl_power.vcxproj", "{E189C554-93E9-484B-97E0-292913A788C0}"
	ProjectSection(ProjectDependencies) = postProject
		{CD4B7804-F6A5-4AC2-AC7E-0F5E1C51F0EA} = {CD4B7804-F6A5-4AC2-AC7E-0F5E1C51F0EA}
		{EEB3AA46-3A33-45A9-9F6F-B11CA66F12A3} = {EEB3AA46-3A33-45A9-9F6F-B11CA66F12A3}
		{B260ECB2-867C-4ACB-9CE4-95911DAFC5D2} = {B260ECB2-867C-4ACB-9CE4-95911DAFC5D2}
		{6FBBE6B7-2BFB-4B22-8F3B-7C52655B570A} = {6FBBE6B7-2BFB-4B22-8F3B-7C52655B570A}
		{349EE8F9-7D25-4909-AAF5-FF3FADE72187} = {349EE8F9-7D25-4909-AAF5-FF3FADE72187}
	EndProjectSection
EndProject
Project("{8BC9CEB8-8B4A-11D0-8D11-00A0C91BC942}") = "rtl_sdr", "projects\rtl_sdr.vcxproj", "{76A7E0C9-F2BD-4DD7-B84A-0A92F009995D}"
	ProjectSection(ProjectDependencies) = postProject
		{CD4B7804-F6A5-4AC2-AC7E-0F5E1C51F0EA} = {CD4B7804-F6A5-4AC2-AC7E-0F5E1C51F0EA}
		{EEB3AA46-3A33-45A9-9F6F-B11CA66F12A3} = {EEB3AA46-3A33-45A9-9F6F-B11CA66F12A3}
		{B260ECB2-867C-4ACB-9CE4-95911DAFC5D2} = {B260ECB2-867C-4ACB-9CE4-95911DAFC5D2}
		{6FBBE6B7-2BFB-4B22-8F3B-7C52655B570A} = {6FBBE6B7-2BFB-4B22-8F3B-7C52655B570A}
		{349EE8F9-7D25-4909-AAF5-FF3FADE72187} = {349EE8F9-7D25-4909-AAF5-FF3FADE72187}
	EndProjectSection
EndProject
Project("{8BC9CEB8-8B4A-11D0-8D11-00A0C91BC942}") = "rtl_tcp", "projects\rtl_tcp.vcxproj", "{A2435D62-062A-41C1-B1D2-0522A238F4A3}"
	ProjectSection(ProjectDependencies) = postProject
		{CD4B7804-F6A5-4AC2-AC7E-0F5E1C51F0EA} = {CD4B7804-F6A5-4AC2-AC7E-0F5E1C51F0EA}
		{EEB3AA46-3A33-45A9-9F6F-B11CA66F12A3} = {EEB3AA46-3A33-45A9-9F6F-B11CA66F12A3}
		{B260ECB2-867C-4ACB-9CE4-95911DAFC5D2} = {B260ECB2-867C-4ACB-9CE4-95911DAFC5D2}
		{6FBBE6B7-2BFB-4B22-8F3B-7C52655B570A} = {6FBBE6B7-2BFB-4B22-8F3B-7C52655B570A}
		{349EE8F9-7D25-4909-AAF5-FF3FADE72187} = {349EE8F9-7D25-4909-AAF5-FF3FADE72187}
	EndProjectSection
EndProject
Project("{8BC9CEB8-8B4A-11D0-8D11-00A0C91BC942}") = "rtl_test", "projects\rtl_test.vcxproj", "{AD2491E4-1339-4277-95F9-5B2DBA555E6A}"
	ProjectSection(ProjectDependencies) = postProject
		{CD4B7804-F6A5-4AC2-AC7E-0F5E1C51F0EA} = {CD4B7804-F6A5-4AC2-AC7E-0F5E1C51F0EA}
		{EEB3AA46-3A33-45A9-9F6F-B11CA66F12A3} = {EEB3AA46-3A33-45A9-9F6F-B11CA66F12A3}
		{B260ECB2-867C-4ACB-9CE4-95911DAFC5D2} = {B260ECB2-867C-4ACB-9CE4-95911DAFC5D2}
		{6FBBE6B7-2BFB-4B22-8F3B-7C52655B570A} = {6FBBE6B7-2BFB-4B22-8F3B-7C52655B570A}
		{349EE8F9-7D25-4909-AAF5-FF3FADE72187} = {349EE8F9-7D25-4909-AAF5-FF3FADE72187}
	EndProjectSection
EndProject
Project("{8BC9CEB8-8B4A-11D0-8D11-00A0C91BC942}") = "rtlsdr (dll)", "projects\rtlsdr_dll.vcxproj", "{E627865C-98A5-4DCD-B035-8212E56B9E2F}"
	ProjectSection(ProjectDependencies) = postProject
		{349EE8F9-7D25-4909-AAF5-FF3FADE72187} = {349EE8F9-7D25-4909-AAF5-FF3FADE72187}
	EndProjectSection
EndProject
Project("{8BC9CEB8-8B4A-11D0-8D11-00A0C91BC942}") = "ExtIO_RTL (dll)", "projects\ExtIO_RTL_dll.vcxproj", "{4FAAF402-0FD5-47F8-A551-1FA0D1771EF0}"
	ProjectSection(ProjectDependencies) = postProject
		{EEB3AA46-3A33-45A9-9F6F-B11CA66F12A3} = {EEB3AA46-3A33-45A9-9F6F-B11CA66F12A3}
		{349EE8F9-7D25-4909-AAF5-FF3FADE72187} = {349EE8F9-7D25-4909-AAF5-FF3FADE72187}
	EndProjectSection
EndProject
Project("{8BC9CEB8-8B4A-11D0-8D11-00A0C91BC942}") = "rtl_biast", "projects\rtl_biast.vcxproj", "{DAB1CA79-C368-4330-A254-42FCCAF385A0}"
	ProjectSection(ProjectDependencies) = postProject
		{CD4B7804-F6A5-4AC2-AC7E-0F5E1C51F0EA} = {CD4B7804-F6A5-4AC2-AC7E-0F5E1C51F0EA}
		{EEB3AA46-3A33-45A9-9F6F-B11CA66F12A3} = {EEB3AA46-3A33-45A9-9F6F-B11CA66F12A3}
		{B260ECB2-867C-4ACB-9CE4-95911DAFC5D2} = {B260ECB2-867C-4ACB-9CE4-95911DAFC5D2}
		{6FBBE6B7-2BFB-4B22-8F3B-7C52655B570A} = {6FBBE6B7-2BFB-4B22-8F3B-7C52655B570A}
		{349EE8F9-7D25-4909-AAF5-FF3FADE72187} = {349EE8F9-7D25-4909-AAF5-FF3FADE72187}
	EndProjectSection
EndProject
Project("{8BC9CEB8-8B4A-11D0-8D11-00A0C91BC942}") = "libconvenience (static)", "projects\libconvenience_static.vcxproj", "{CD4B7804-F6A5-4AC2-AC7E-0F5E1C51F0EA}"
EndProject
Project("{8BC9CEB8-8B4A-11D0-8D11-00A0C91BC942}") = "libgetopt (static)", "projects\libgetopt_static.vcxproj", "{B260ECB2-867C-4ACB-9CE4-95911DAFC5D2}"
EndProject
Global
	GlobalSection(SolutionConfigurationPlatforms) = preSolution
		Release|Win32 = Release|Win32
		Release|x64 = Release|x64
	EndGlobalSection
	GlobalSection(ProjectConfigurationPlatforms) = postSolution
		{6FBBE6B7-2BFB-4B22-8F3B-7C52655B570A}.Release|Win32.ActiveCfg = Release|Win32
		{6FBBE6B7-2BFB-4B22-8F3B-7C52655B570A}.Release|Win32.Build.0 = Release|Win32
		{6FBBE6B7-2BFB-4B22-8F3B-7C52655B570A}.Release|x64.ActiveCfg = Release|x64
		{6FBBE6B7-2BFB-4B22-8F3B-7C52655B570A}.Release|x64.Build.0 = Release|x64
		{EEB3AA46-3A33-45A9-9F6F-B11CA66F12A3}.Release|Win32.ActiveCfg = Release|Win32
		{EEB3AA46-3A33-45A9-9F6F-B11CA66F12A3}.Release|Win32.Build.0 = Release|Win32
		{EEB3AA46-3A33-45A9-9F6F-B11CA66F12A3}.Release|x64.ActiveCfg = Release|x64
		{EEB3AA46-3A33-45A9-9F6F-B11CA66F12A3}.Release|x64.Build.0 = Release|x64
		{349EE8F9-7D25-4909-AAF5-FF3FADE72187}.Release|Win32.ActiveCfg = Release|Win32
		{349EE8F9-7D25-4909-AAF5-FF3FADE72187}.Release|Win32.Build.0 = Release|Win32
		{349EE8F9-7D25-4909-AAF5-FF3FADE72187}.Release|x64.ActiveCfg = Release|x64
		{349EE8F9-7D25-4909-AAF5-FF3FADE72187}.Release|x64.Build.0 = Release|x64
		{A44DEEE1-9ECE-454A-8E51-28F6610112B8}.Release|Win32.ActiveCfg = Release|Win32
		{A44DEEE1-9ECE-454A-8E51-28F6610112B8}.Release|Win32.Build.0 = Release|Win32
		{A44DEEE1-9ECE-454A-8E51-28F6610112B8}.Release|x64.ActiveCfg = Release|x64
		{A44DEEE1-9ECE-454A-8E51-28F6610112B8}.Release|x64.Build.0 = Release|x64
		{FCCB9026-652C-4C07-BFDB-A04349ACF279}.Release|Win32.ActiveCfg = Release|Win32
		{FCCB9026-652C-4C07-BFDB-A04349ACF279}.Release|Win32.Build.0 = Release|Win32
		{FCCB9026-652C-4C07-BFDB-A04349ACF279}.Release|x64.ActiveCfg = Release|x64
		{FCCB9026-652C-4C07-BFDB-A04349ACF279}.Release|x64.Build.0 = Release|x64
		{726A4093-85FD-4C6A-B1D4-8F10454E0C50}.Release|Win32.ActiveCfg = Release|Win32
		{726A4093-85FD-4C6A-B1D4-8F10454E0C50}.Release|Win32.Build.0 = Release|Win32
		{726A4093-85FD-4C6A-B1D4-8F10454E0C50}.Release|x64.ActiveCfg = Release|x64
		{726A4093-85FD-4C6A-B1D4-8F10454E0C50}.Release|x64.Build.0 = Release|x64
		{E189C554-93E9-484B-97E0-292913A788C0}.Release|Win32.ActiveCfg = Release|Win32
		{E189C554-93E9-484B-97E0-292913A788C0}.Release|Win32.Build.0 = Release|Win32
		{E189C554-93E9-484B-97E0-292913A788C0}.Release|x64.ActiveCfg = Release|x64
		{E189C554-93E9-484B-97E0-292913A788C0}.Release|x64.Build.0 = Release|x64
		{76A7E0C9-F2BD-4DD7-B84A-0A92F009995D}.Release|Win32.ActiveCfg = Release|Win32
		{76A7E0C9-F2BD-4DD7-B84A-0A92F009995D}.Release|Win32.Build.0 = Release|Win32
		{76A7E0C9-F2BD-4DD7-B84A-0A92F009995D}.Release|x64.ActiveCfg = Release|x64
		{76A7E0C9-F2BD-4DD7-B84A-0A92F009995D}.Release|x64.Build.0 = Release|x64
		{A2435D62-062A-41C1-B1D2-0522A238F4A3}.Release|Win32.ActiveCfg = Release|Win32
		{A2435D62-062A-41C1-B1D2-0522A238F4A3}.Release|Win32.Build.0 = Release|Win32
		{A2435D62-062A-41C1-B1D2-0522A238F4A3}.Release|x64.ActiveCfg = Release|x64
		{A2435D62-062A-41C1-B1D2-0522A238F4A3}.Release|x64.Build.0 = Release|x64
		{AD2491E4-1339-4277-95F9-5B2DBA555E6A}.Release|Win32.ActiveCfg = Release|Win32
		{AD2491E4-1339-4277-95F9-5B2DBA555E6A}.Release|Win32.Build.0 = Release|Win32
		{AD2491E4-1339-4277-95F9-5B2DBA555E6A}.Release|x64.ActiveCfg = Release|x64
		{AD2491E4-1339-4277-95F9-5B2DBA555E6A}.Release|x64.Build.0 = Release|x64
		{E627865C-98A5-4DCD-B035-8212E56B9E2F}.Release|Win32.ActiveCfg = Release|Win32
		{E627865C-98A5-4DCD-B035-8212E56B9E2F}.Release|Win32.Build.0 = Release|Win32
		{E627865C-98A5-4DCD-B035-8212E56B9E2F}.Release|x64.ActiveCfg = Release|x64
		{E627865C-98A5-4DCD-B035-8212E56B9E2F}.Release|x64.Build.0 = Release|x64
		{4FAAF402-0FD5-47F8-A551-1FA0D1771EF0}.Release|Win32.ActiveCfg = Release|Win32
		{4FAAF402-0FD5-47F8-A551-1FA0D1771EF0}.Release|Win32.Build.0 = Release|Win32
		{4FAAF402-0FD5-47F8-A551-1FA0D1771EF0}.Release|x64.ActiveCfg = Release|x64
		{4FAAF402-0FD5-47F8-A551-1FA0D1771EF0}.Release|x64.Build.0 = Release|x64
		{DAB1CA79-C368-4330-A254-42FCCAF385A0}.Release|Win32.ActiveCfg = Release|Win32
		{DAB1CA79-C368-4330-A254-42FCCAF385A0}.Release|Win32.Build.0 = Release|Win32
		{DAB1CA79-C368-4330-A254-42FCCAF385A0}.Release|x64.ActiveCfg = Release|x64
		{DAB1CA79-C368-4330-A254-42FCCAF385A0}.Release|x64.Build.0 = Release|x64
		{CD4B7804-F6A5-4AC2-AC7E-0F5E1C51F0EA}.Release|Win32.ActiveCfg = Release|Win32
		{CD4B7804-F6A5-4AC2-AC7E-0F5E1C51F0EA}.Release|Win32.Build.0 = Release|Win32
		{CD4B7804-F6A5-4AC2-AC7E-0F5E1C51F0EA}.Release|x64.ActiveCfg = Release|x64
		{CD4B7804-F6A5-4AC2-AC7E-0F5E1C51F0EA}.Release|x64.Build.0 = Release|x64
		{B260ECB2-867C-4ACB-9CE4-95911DAFC5D2}.Release|Win32.ActiveCfg = Release|Win32
		{B260ECB2-867C-4ACB-9CE4-95911DAFC5D2}.Release|Win32.Build.0 = Release|Win32
		{B260ECB2-867C-4ACB-9CE4-95911DAFC5D2}.Release|x64.ActiveCfg = Release|x64
		{B260ECB2-867C-4ACB-9CE4-95911DAFC5D2}.Release|x64.Build.0 = Release|x64
	EndGlobalSection
	GlobalSection(SolutionProperties) = preSolution
		HideSolutionNode = FALSE
	EndGlobalSection
	GlobalSection(ExtensibilityGlobals) = postSolution
		SolutionGuid = {D5EAB726-A046-4323-B3F2-5109537DD88B}
	EndGlobalSection
EndGlobal
